
Microsoft Visual Studio Solution File, Format Version 12.00
# Visual Studio Version 17
VisualStudioVersion = 17.7.34009.444
MinimumVisualStudioVersion = 10.0.40219.1
Project("{FAE04EC0-301F-11D3-BF4B-00C04F79EFBC}") = "ShampanPOS", "ShampanPOS\ShampanPOS.csproj", "{D41F25CA-43D0-48CF-ACCB-78AEFCF65DCD}"
EndProject
Project("{FAE04EC0-301F-11D3-BF4B-00C04F79EFBC}") = "ShampanPOS.ViewModel", "ShampanPOS.ViewModel\ShampanPOS.ViewModel.csproj", "{21B971E6-18D0-45BF-B1DD-EC4E7614E5B6}"
EndProject
Project("{FAE04EC0-301F-11D3-BF4B-00C04F79EFBC}") = "ShampanPOS.Repository", "ShampanPOS.Repository\ShampanPOS.Repository.csproj", "{43376EC1-C981-470A-8A25-EF5D83356AE3}"
EndProject
Project("{FAE04EC0-301F-11D3-BF4B-00C04F79EFBC}") = "ShampanPOS.Service", "ShampanPOS.Service\ShampanPOS.Service.csproj", "{9FCA0AA5-8B7B-4B19-938B-081F10B5E747}"
EndProject
Global
	GlobalSection(SolutionConfigurationPlatforms) = preSolution
		Debug|Any CPU = Debug|Any CPU
		Release|Any CPU = Release|Any CPU
	EndGlobalSection
	GlobalSection(ProjectConfigurationPlatforms) = postSolution
		{D41F25CA-43D0-48CF-ACCB-78AEFCF65DCD}.Debug|Any CPU.ActiveCfg = Debug|Any CPU
		{D41F25CA-43D0-48CF-ACCB-78AEFCF65DCD}.Debug|Any CPU.Build.0 = Debug|Any CPU
		{D41F25CA-43D0-48CF-ACCB-78AEFCF65DCD}.Release|Any CPU.ActiveCfg = Release|Any CPU
		{D41F25CA-43D0-48CF-ACCB-78AEFCF65DCD}.Release|Any CPU.Build.0 = Release|Any CPU
		{21B971E6-18D0-45BF-B1DD-EC4E7614E5B6}.Debug|Any CPU.ActiveCfg = Debug|Any CPU
		{21B971E6-18D0-45BF-B1DD-EC4E7614E5B6}.Debug|Any CPU.Build.0 = Debug|Any CPU
		{21B971E6-18D0-45BF-B1DD-EC4E7614E5B6}.Release|Any CPU.ActiveCfg = Release|Any CPU
		{21B971E6-18D0-45BF-B1DD-EC4E7614E5B6}.Release|Any CPU.Build.0 = Release|Any CPU
		{43376EC1-C981-470A-8A25-EF5D83356AE3}.Debug|Any CPU.ActiveCfg = Debug|Any CPU
		{43376EC1-C981-470A-8A25-EF5D83356AE3}.Debug|Any CPU.Build.0 = Debug|Any CPU
		{43376EC1-C981-470A-8A25-EF5D83356AE3}.Release|Any CPU.ActiveCfg = Release|Any CPU
		{43376EC1-C981-470A-8A25-EF5D83356AE3}.Release|Any CPU.Build.0 = Release|Any CPU
		{9FCA0AA5-8B7B-4B19-938B-081F10B5E747}.Debug|Any CPU.ActiveCfg = Debug|Any CPU
		{9FCA0AA5-8B7B-4B19-938B-081F10B5E747}.Debug|Any CPU.Build.0 = Debug|Any CPU
		{9FCA0AA5-8B7B-4B19-938B-081F10B5E747}.Release|Any CPU.ActiveCfg = Release|Any CPU
		{9FCA0AA5-8B7B-4B19-938B-081F10B5E747}.Release|Any CPU.Build.0 = Release|Any CPU
	EndGlobalSection
	GlobalSection(SolutionProperties) = preSolution
		HideSolutionNode = FALSE
	EndGlobalSection
	GlobalSection(ExtensibilityGlobals) = postSolution
		SolutionGuid = {6C1A940A-2A60-45F8-B28A-885E62852341}
	EndGlobalSection
EndGlobal
